
Microsoft Visual Studio Solution File, Format Version 12.00
# Visual Studio Version 17
VisualStudioVersion = 17.7.34202.233
MinimumVisualStudioVersion = 10.0.40219.1
Project("{8BC9CEB8-8B4A-11D0-8D11-00A0C91BC942}") = "Lab_06.1", "Lab_06.1.vcxproj", "{DF2C4DBB-B7B2-4388-97EE-50F95E06BD59}"
EndProject
Project("{8BC9CEB8-8B4A-11D0-8D11-00A0C91BC942}") = "UnitTest6.1", "UnitTest6.1\UnitTest6.1.vcxproj", "{E9332E70-0788-45CB-B427-47A709782B48}"
EndProject
Global
	GlobalSection(SolutionConfigurationPlatforms) = preSolution
		Debug|x64 = Debug|x64
		Debug|x86 = Debug|x86
		Release|x64 = Release|x64
		Release|x86 = Release|x86
	EndGlobalSection
	GlobalSection(ProjectConfigurationPlatforms) = postSolution
		{DF2C4DBB-B7B2-4388-97EE-50F95E06BD59}.Debug|x64.ActiveCfg = Debug|x64
		{DF2C4DBB-B7B2-4388-97EE-50F95E06BD59}.Debug|x64.Build.0 = Debug|x64
		{DF2C4DBB-B7B2-4388-97EE-50F95E06BD59}.Debug|x86.ActiveCfg = Debug|Win32
		{DF2C4DBB-B7B2-4388-97EE-50F95E06BD59}.Debug|x86.Build.0 = Debug|Win32
		{DF2C4DBB-B7B2-4388-97EE-50F95E06BD59}.Release|x64.ActiveCfg = Release|x64
		{DF2C4DBB-B7B2-4388-97EE-50F95E06BD59}.Release|x64.Build.0 = Release|x64
		{DF2C4DBB-B7B2-4388-97EE-50F95E06BD59}.Release|x86.ActiveCfg = Release|Win32
		{DF2C4DBB-B7B2-4388-97EE-50F95E06BD59}.Release|x86.Build.0 = Release|Win32
		{E9332E70-0788-45CB-B427-47A709782B48}.Debug|x64.ActiveCfg = Debug|x64
		{E9332E70-0788-45CB-B427-47A709782B48}.Debug|x64.Build.0 = Debug|x64
		{E9332E70-0788-45CB-B427-47A709782B48}.Debug|x86.ActiveCfg = Debug|Win32
		{E9332E70-0788-45CB-B427-47A709782B48}.Debug|x86.Build.0 = Debug|Win32
		{E9332E70-0788-45CB-B427-47A709782B48}.Release|x64.ActiveCfg = Release|x64
		{E9332E70-0788-45CB-B427-47A709782B48}.Release|x64.Build.0 = Release|x64
		{E9332E70-0788-45CB-B427-47A709782B48}.Release|x86.ActiveCfg = Release|Win32
		{E9332E70-0788-45CB-B427-47A709782B48}.Release|x86.Build.0 = Release|Win32
	EndGlobalSection
	GlobalSection(SolutionProperties) = preSolution
		HideSolutionNode = FALSE
	EndGlobalSection
	GlobalSection(ExtensibilityGlobals) = postSolution
		SolutionGuid = {B0D313DB-80ED-4E70-AADE-C7669B5F63C2}
	EndGlobalSection
EndGlobal
